
Microsoft Visual Studio Solution File, Format Version 12.00
# Visual Studio 14
VisualStudioVersion = 14.0.23107.0
MinimumVisualStudioVersion = 10.0.40219.1
Project("{FAE04EC0-301F-11D3-BF4B-00C04F79EFBC}") = "SVNAssetList", "SVNAssetList\SVNAssetList.csproj", "{0143317E-252B-48CE-AD83-15F44A838984}"
EndProject
Project("{FAE04EC0-301F-11D3-BF4B-00C04F79EFBC}") = "AssetList", "AssetList\AssetList.csproj", "{513B57FD-3A32-44BC-80DC-186406BC734D}"
EndProject
Global
	GlobalSection(SolutionConfigurationPlatforms) = preSolution
		Debug|Any CPU = Debug|Any CPU
		Release|Any CPU = Release|Any CPU
	EndGlobalSection
	GlobalSection(ProjectConfigurationPlatforms) = postSolution
		{0143317E-252B-48CE-AD83-15F44A838984}.Debug|Any CPU.ActiveCfg = Debug|Any CPU
		{0143317E-252B-48CE-AD83-15F44A838984}.Debug|Any CPU.Build.0 = Debug|Any CPU
		{0143317E-252B-48CE-AD83-15F44A838984}.Release|Any CPU.ActiveCfg = Release|Any CPU
		{0143317E-252B-48CE-AD83-15F44A838984}.Release|Any CPU.Build.0 = Release|Any CPU
		{513B57FD-3A32-44BC-80DC-186406BC734D}.Debug|Any CPU.ActiveCfg = Debug|Any CPU
		{513B57FD-3A32-44BC-80DC-186406BC734D}.Debug|Any CPU.Build.0 = Debug|Any CPU
		{513B57FD-3A32-44BC-80DC-186406BC734D}.Release|Any CPU.ActiveCfg = Release|Any CPU
		{513B57FD-3A32-44BC-80DC-186406BC734D}.Release|Any CPU.Build.0 = Release|Any CPU
	EndGlobalSection
	GlobalSection(SolutionProperties) = preSolution
		HideSolutionNode = FALSE
	EndGlobalSection
EndGlobal
